
Microsoft Visual Studio Solution File, Format Version 12.00
# Visual Studio Version 17
VisualStudioVersion = 17.3.32901.215
MinimumVisualStudioVersion = 10.0.40219.1
Project("{8BC9CEB8-8B4A-11D0-8D11-00A0C91BC942}") = "test", "test\test.vcxproj", "{C09290CB-4B3D-4533-BDB2-3A39EA3F40DC}"
EndProject
Global
	GlobalSection(SolutionConfigurationPlatforms) = preSolution
		Debug|x64 = Debug|x64
		Debug|x86 = Debug|x86
		Release|x64 = Release|x64
		Release|x86 = Release|x86
	EndGlobalSection
	GlobalSection(ProjectConfigurationPlatforms) = postSolution
		{C09290CB-4B3D-4533-BDB2-3A39EA3F40DC}.Debug|x64.ActiveCfg = Debug|x64
		{C09290CB-4B3D-4533-BDB2-3A39EA3F40DC}.Debug|x64.Build.0 = Debug|x64
		{C09290CB-4B3D-4533-BDB2-3A39EA3F40DC}.Debug|x86.ActiveCfg = Debug|Win32
		{C09290CB-4B3D-4533-BDB2-3A39EA3F40DC}.Debug|x86.Build.0 = Debug|Win32
		{C09290CB-4B3D-4533-BDB2-3A39EA3F40DC}.Release|x64.ActiveCfg = Release|x64
		{C09290CB-4B3D-4533-BDB2-3A39EA3F40DC}.Release|x64.Build.0 = Release|x64
		{C09290CB-4B3D-4533-BDB2-3A39EA3F40DC}.Release|x86.ActiveCfg = Release|Win32
		{C09290CB-4B3D-4533-BDB2-3A39EA3F40DC}.Release|x86.Build.0 = Release|Win32
	EndGlobalSection
	GlobalSection(SolutionProperties) = preSolution
		HideSolutionNode = FALSE
	EndGlobalSection
	GlobalSection(ExtensibilityGlobals) = postSolution
		SolutionGuid = {2C0D0071-8C71-489C-BEE7-9ECF5270DF6A}
	EndGlobalSection
EndGlobal
