
Microsoft Visual Studio Solution File, Format Version 12.00
# Visual Studio Version 17
VisualStudioVersion = 17.3.32901.215
MinimumVisualStudioVersion = 10.0.40219.1
Project("{8BC9CEB8-8B4A-11D0-8D11-00A0C91BC942}") = "lab02", "lab02\lab02.vcxproj", "{95FD534F-274D-4CD8-AA94-FC161629401B}"
EndProject
Global
	GlobalSection(SolutionConfigurationPlatforms) = preSolution
		Debug|x64 = Debug|x64
		Debug|x86 = Debug|x86
		Release|x64 = Release|x64
		Release|x86 = Release|x86
	EndGlobalSection
	GlobalSection(ProjectConfigurationPlatforms) = postSolution
		{95FD534F-274D-4CD8-AA94-FC161629401B}.Debug|x64.ActiveCfg = Debug|x64
		{95FD534F-274D-4CD8-AA94-FC161629401B}.Debug|x64.Build.0 = Debug|x64
		{95FD534F-274D-4CD8-AA94-FC161629401B}.Debug|x86.ActiveCfg = Debug|Win32
		{95FD534F-274D-4CD8-AA94-FC161629401B}.Debug|x86.Build.0 = Debug|Win32
		{95FD534F-274D-4CD8-AA94-FC161629401B}.Release|x64.ActiveCfg = Release|x64
		{95FD534F-274D-4CD8-AA94-FC161629401B}.Release|x64.Build.0 = Release|x64
		{95FD534F-274D-4CD8-AA94-FC161629401B}.Release|x86.ActiveCfg = Release|Win32
		{95FD534F-274D-4CD8-AA94-FC161629401B}.Release|x86.Build.0 = Release|Win32
	EndGlobalSection
	GlobalSection(SolutionProperties) = preSolution
		HideSolutionNode = FALSE
	EndGlobalSection
	GlobalSection(ExtensibilityGlobals) = postSolution
		SolutionGuid = {30A70925-AFAF-4263-B01E-7A55BDA7CCA0}
	EndGlobalSection
EndGlobal
